
Microsoft Visual Studio Solution File, Format Version 12.00
Project("{FAE04EC0-301F-11D3-BF4B-00C04F79EFBC}") = "ClinicMedicalAppointments.Api", "ClinicMedicalAppointments.Api\ClinicMedicalAppointments.Api.csproj", "{B0757E6A-C2C5-410E-B17C-827EDE566E6F}"
EndProject
Project("{FAE04EC0-301F-11D3-BF4B-00C04F79EFBC}") = "ClinicMedicalAppointments.Application", "ClinicMedicalAppointments.Application\ClinicMedicalAppointments.Application.csproj", "{CC9909C1-94E4-4388-B827-B9A995417081}"
EndProject
Project("{FAE04EC0-301F-11D3-BF4B-00C04F79EFBC}") = "ClinicMedicalAppointments.Entities", "ClinicMedicalAppointments.Entities\ClinicMedicalAppointments.Entities.csproj", "{12D5881E-EBF8-420A-98DB-B066520FEA39}"
EndProject
Project("{FAE04EC0-301F-11D3-BF4B-00C04F79EFBC}") = "ClinicMedicalAppointments.Infraestructure", "ClinicMedicalAppointments.Infraestructure\ClinicMedicalAppointments.Infraestructure.csproj", "{C98B4A8D-3E6D-48FD-B03B-9C86FF54967D}"
EndProject
Global
	GlobalSection(SolutionConfigurationPlatforms) = preSolution
		Debug|Any CPU = Debug|Any CPU
		Release|Any CPU = Release|Any CPU
	EndGlobalSection
	GlobalSection(ProjectConfigurationPlatforms) = postSolution
		{B0757E6A-C2C5-410E-B17C-827EDE566E6F}.Debug|Any CPU.ActiveCfg = Debug|Any CPU
		{B0757E6A-C2C5-410E-B17C-827EDE566E6F}.Debug|Any CPU.Build.0 = Debug|Any CPU
		{B0757E6A-C2C5-410E-B17C-827EDE566E6F}.Release|Any CPU.ActiveCfg = Release|Any CPU
		{B0757E6A-C2C5-410E-B17C-827EDE566E6F}.Release|Any CPU.Build.0 = Release|Any CPU
		{CC9909C1-94E4-4388-B827-B9A995417081}.Debug|Any CPU.ActiveCfg = Debug|Any CPU
		{CC9909C1-94E4-4388-B827-B9A995417081}.Debug|Any CPU.Build.0 = Debug|Any CPU
		{CC9909C1-94E4-4388-B827-B9A995417081}.Release|Any CPU.ActiveCfg = Release|Any CPU
		{CC9909C1-94E4-4388-B827-B9A995417081}.Release|Any CPU.Build.0 = Release|Any CPU
		{12D5881E-EBF8-420A-98DB-B066520FEA39}.Debug|Any CPU.ActiveCfg = Debug|Any CPU
		{12D5881E-EBF8-420A-98DB-B066520FEA39}.Debug|Any CPU.Build.0 = Debug|Any CPU
		{12D5881E-EBF8-420A-98DB-B066520FEA39}.Release|Any CPU.ActiveCfg = Release|Any CPU
		{12D5881E-EBF8-420A-98DB-B066520FEA39}.Release|Any CPU.Build.0 = Release|Any CPU
		{C98B4A8D-3E6D-48FD-B03B-9C86FF54967D}.Debug|Any CPU.ActiveCfg = Debug|Any CPU
		{C98B4A8D-3E6D-48FD-B03B-9C86FF54967D}.Debug|Any CPU.Build.0 = Debug|Any CPU
		{C98B4A8D-3E6D-48FD-B03B-9C86FF54967D}.Release|Any CPU.ActiveCfg = Release|Any CPU
		{C98B4A8D-3E6D-48FD-B03B-9C86FF54967D}.Release|Any CPU.Build.0 = Release|Any CPU
	EndGlobalSection
EndGlobal
